{
  "requires": true,
  "lockfileVersion": 1,
  "dependencies": {
    "png2icons": {
      "version": "2.0.1",
      "resolved": "https://registry.npmjs.org/png2icons/-/png2icons-2.0.1.tgz",
      "integrity": "sha512-GDEQJr8OG4e6JMp7mABtXFSEpgJa1CCpbQiAR+EjhkHJHnUL9zPPtbOrjsMD8gUbikgv3j7x404b0YJsV3aVFA=="
    }
  }
}
